
Microsoft Visual Studio Solution File, Format Version 12.00
# Visual Studio Version 17
VisualStudioVersion = 17.5.002.0
MinimumVisualStudioVersion = 10.0.40219.1
Project("{9A19103F-16F7-4668-BE54-9A1E7A4F7556}") = "coba", "coba.csproj", "{2B776A2C-1B85-433D-A0F9-BD086D393ABE}"
EndProject
Global
	GlobalSection(SolutionConfigurationPlatforms) = preSolution
		Debug|Any CPU = Debug|Any CPU
		Release|Any CPU = Release|Any CPU
	EndGlobalSection
	GlobalSection(ProjectConfigurationPlatforms) = postSolution
		{2B776A2C-1B85-433D-A0F9-BD086D393ABE}.Debug|Any CPU.ActiveCfg = Debug|Any CPU
		{2B776A2C-1B85-433D-A0F9-BD086D393ABE}.Debug|Any CPU.Build.0 = Debug|Any CPU
		{2B776A2C-1B85-433D-A0F9-BD086D393ABE}.Release|Any CPU.ActiveCfg = Release|Any CPU
		{2B776A2C-1B85-433D-A0F9-BD086D393ABE}.Release|Any CPU.Build.0 = Release|Any CPU
	EndGlobalSection
	GlobalSection(SolutionProperties) = preSolution
		HideSolutionNode = FALSE
	EndGlobalSection
	GlobalSection(ExtensibilityGlobals) = postSolution
		SolutionGuid = {4632CB8E-6B8F-421D-84F3-F3623D4D0DF0}
	EndGlobalSection
EndGlobal
